
Microsoft Visual Studio Solution File, Format Version 12.00
# Visual Studio Version 17
VisualStudioVersion = 17.8.34408.163
MinimumVisualStudioVersion = 10.0.40219.1
Project("{9A19103F-16F7-4668-BE54-9A1E7A4F7556}") = "InvoicesApi", "InvoicesApi.csproj", "{5090A452-78B1-4DC8-8435-0B7B474EF2B0}"
EndProject
Global
	GlobalSection(SolutionConfigurationPlatforms) = preSolution
		Debug|Any CPU = Debug|Any CPU
		Release|Any CPU = Release|Any CPU
	EndGlobalSection
	GlobalSection(ProjectConfigurationPlatforms) = postSolution
		{5090A452-78B1-4DC8-8435-0B7B474EF2B0}.Debug|Any CPU.ActiveCfg = Debug|Any CPU
		{5090A452-78B1-4DC8-8435-0B7B474EF2B0}.Debug|Any CPU.Build.0 = Debug|Any CPU
		{5090A452-78B1-4DC8-8435-0B7B474EF2B0}.Release|Any CPU.ActiveCfg = Release|Any CPU
		{5090A452-78B1-4DC8-8435-0B7B474EF2B0}.Release|Any CPU.Build.0 = Release|Any CPU
	EndGlobalSection
	GlobalSection(SolutionProperties) = preSolution
		HideSolutionNode = FALSE
	EndGlobalSection
	GlobalSection(ExtensibilityGlobals) = postSolution
		SolutionGuid = {F81C14A5-2708-44CD-B70A-77027326E219}
	EndGlobalSection
EndGlobal
